// !$*UTF8*$!
{
	archiveVersion = 1;
	classes = {
	};
	objectVersion = 46;
	objects = {

/* Begin PBXBuildFile section */
		9E5AA85F18F3EB6D00234982 /* Foundation.framework in Frameworks */ = {isa = PBXBuildFile; fileRef = 9E5AA85E18F3EB6D00234982 /* Foundation.framework */; };
		9E5AA86118F3EB6D00234982 /* CoreGraphics.framework in Frameworks */ = {isa = PBXBuildFile; fileRef = 9E5AA86018F3EB6D00234982 /* CoreGraphics.framework */; };
		9E5AA86318F3EB6D00234982 /* UIKit.framework in Frameworks */ = {isa = PBXBuildFile; fileRef = 9E5AA86218F3EB6D00234982 /* UIKit.framework */; };
		9E5AA86918F3EB6D00234982 /* InfoPlist.strings in Resources */ = {isa = PBXBuildFile; fileRef = 9E5AA86718F3EB6D00234982 /* InfoPlist.strings */; };
		9E5AA86B18F3EB6D00234982 /* main.m in Sources */ = {isa = PBXBuildFile; fileRef = 9E5AA86A18F3EB6D00234982 /* main.m */; };
		9E5AA86F18F3EB6D00234982 /* PNAppDelegate.m in Sources */ = {isa = PBXBuildFile; fileRef = 9E5AA86E18F3EB6D00234982 /* PNAppDelegate.m */; };
		9E5AA87218F3EB6D00234982 /* Main_iPhone.storyboard in Resources */ = {isa = PBXBuildFile; fileRef = 9E5AA87018F3EB6D00234982 /* Main_iPhone.storyboard */; };
		9E5AA87518F3EB6D00234982 /* Main_iPad.storyboard in Resources */ = {isa = PBXBuildFile; fileRef = 9E5AA87318F3EB6D00234982 /* Main_iPad.storyboard */; };
		9E5AA87D18F3EB6D00234982 /* Images.xcassets in Resources */ = {isa = PBXBuildFile; fileRef = 9E5AA87C18F3EB6D00234982 /* Images.xcassets */; };
		9E5AA88418F3EB6D00234982 /* XCTest.framework in Frameworks */ = {isa = PBXBuildFile; fileRef = 9E5AA88318F3EB6D00234982 /* XCTest.framework */; };
		9E5AA88518F3EB6D00234982 /* Foundation.framework in Frameworks */ = {isa = PBXBuildFile; fileRef = 9E5AA85E18F3EB6D00234982 /* Foundation.framework */; };
		9E5AA88618F3EB6D00234982 /* UIKit.framework in Frameworks */ = {isa = PBXBuildFile; fileRef = 9E5AA86218F3EB6D00234982 /* UIKit.framework */; };
		9E5AA88E18F3EB6D00234982 /* InfoPlist.strings in Resources */ = {isa = PBXBuildFile; fileRef = 9E5AA88C18F3EB6D00234982 /* InfoPlist.strings */; };
		9E5AA89018F3EB6D00234982 /* PaniTests.m in Sources */ = {isa = PBXBuildFile; fileRef = 9E5AA88F18F3EB6D00234982 /* PaniTests.m */; };
		9E5AA89D18F3F03100234982 /* PNAlbumContentViewController.m in Sources */ = {isa = PBXBuildFile; fileRef = 9E5AA89A18F3F03100234982 /* PNAlbumContentViewController.m */; };
		9E5AA89E18F3F03100234982 /* PNAlbumsListViewController.m in Sources */ = {isa = PBXBuildFile; fileRef = 9E5AA89C18F3F03100234982 /* PNAlbumsListViewController.m */; };
		9E5AA8A418F3F28C00234982 /* PNConstants.m in Sources */ = {isa = PBXBuildFile; fileRef = 9E5AA8A318F3F28C00234982 /* PNConstants.m */; };
		9E5AA8A718F4328700234982 /* PNImageViewController.m in Sources */ = {isa = PBXBuildFile; fileRef = 9E5AA8A618F4328700234982 /* PNImageViewController.m */; };
		9E5AA8AC18F5320D00234982 /* PNAlbumService.m in Sources */ = {isa = PBXBuildFile; fileRef = 9E5AA8AB18F5320D00234982 /* PNAlbumService.m */; };
/* End PBXBuildFile section */

/* Begin PBXContainerItemProxy section */
		9E5AA88718F3EB6D00234982 /* PBXContainerItemProxy */ = {
			isa = PBXContainerItemProxy;
			containerPortal = 9E5AA85318F3EB6C00234982 /* Project object */;
			proxyType = 1;
			remoteGlobalIDString = 9E5AA85A18F3EB6C00234982;
			remoteInfo = Pani;
		};
/* End PBXContainerItemProxy section */

/* Begin PBXFileReference section */
		9E5AA85B18F3EB6C00234982 /* Pani.app */ = {isa = PBXFileReference; explicitFileType = wrapper.application; includeInIndex = 0; path = Pani.app; sourceTree = BUILT_PRODUCTS_DIR; };
		9E5AA85E18F3EB6D00234982 /* Foundation.framework */ = {isa = PBXFileReference; lastKnownFileType = wrapper.framework; name = Foundation.framework; path = System/Library/Frameworks/Foundation.framework; sourceTree = SDKROOT; };
		9E5AA86018F3EB6D00234982 /* CoreGraphics.framework */ = {isa = PBXFileReference; lastKnownFileType = wrapper.framework; name = CoreGraphics.framework; path = System/Library/Frameworks/CoreGraphics.framework; sourceTree = SDKROOT; };
		9E5AA86218F3EB6D00234982 /* UIKit.framework */ = {isa = PBXFileReference; lastKnownFileType = wrapper.framework; name = UIKit.framework; path = System/Library/Frameworks/UIKit.framework; sourceTree = SDKROOT; };
		9E5AA86618F3EB6D00234982 /* Pani-Info.plist */ = {isa = PBXFileReference; lastKnownFileType = text.plist.xml; path = "Pani-Info.plist"; sourceTree = "<group>"; };
		9E5AA86818F3EB6D00234982 /* en */ = {isa = PBXFileReference; lastKnownFileType = text.plist.strings; name = en; path = en.lproj/InfoPlist.strings; sourceTree = "<group>"; };
		9E5AA86A18F3EB6D00234982 /* main.m */ = {isa = PBXFileReference; lastKnownFileType = sourcecode.c.objc; path = main.m; sourceTree = "<group>"; };
		9E5AA86C18F3EB6D00234982 /* Pani-Prefix.pch */ = {isa = PBXFileReference; lastKnownFileType = sourcecode.c.h; path = "Pani-Prefix.pch"; sourceTree = "<group>"; };
		9E5AA86D18F3EB6D00234982 /* PNAppDelegate.h */ = {isa = PBXFileReference; lastKnownFileType = sourcecode.c.h; path = PNAppDelegate.h; sourceTree = "<group>"; };
		9E5AA86E18F3EB6D00234982 /* PNAppDelegate.m */ = {isa = PBXFileReference; lastKnownFileType = sourcecode.c.objc; path = PNAppDelegate.m; sourceTree = "<group>"; };
		9E5AA87118F3EB6D00234982 /* Base */ = {isa = PBXFileReference; lastKnownFileType = file.storyboard; name = Base; path = Base.lproj/Main_iPhone.storyboard; sourceTree = "<group>"; };
		9E5AA87418F3EB6D00234982 /* Base */ = {isa = PBXFileReference; lastKnownFileType = file.storyboard; name = Base; path = Base.lproj/Main_iPad.storyboard; sourceTree = "<group>"; };
		9E5AA87C18F3EB6D00234982 /* Images.xcassets */ = {isa = PBXFileReference; lastKnownFileType = folder.assetcatalog; path = Images.xcassets; sourceTree = "<group>"; };
		9E5AA88218F3EB6D00234982 /* PaniTests.xctest */ = {isa = PBXFileReference; explicitFileType = wrapper.cfbundle; includeInIndex = 0; path = PaniTests.xctest; sourceTree = BUILT_PRODUCTS_DIR; };
		9E5AA88318F3EB6D00234982 /* XCTest.framework */ = {isa = PBXFileReference; lastKnownFileType = wrapper.framework; name = XCTest.framework; path = Library/Frameworks/XCTest.framework; sourceTree = DEVELOPER_DIR; };
		9E5AA88B18F3EB6D00234982 /* PaniTests-Info.plist */ = {isa = PBXFileReference; lastKnownFileType = text.plist.xml; path = "PaniTests-Info.plist"; sourceTree = "<group>"; };
		9E5AA88D18F3EB6D00234982 /* en */ = {isa = PBXFileReference; lastKnownFileType = text.plist.strings; name = en; path = en.lproj/InfoPlist.strings; sourceTree = "<group>"; };
		9E5AA88F18F3EB6D00234982 /* PaniTests.m */ = {isa = PBXFileReference; lastKnownFileType = sourcecode.c.objc; path = PaniTests.m; sourceTree = "<group>"; };
		9E5AA89918F3F03100234982 /* PNAlbumContentViewController.h */ = {isa = PBXFileReference; fileEncoding = 4; lastKnownFileType = sourcecode.c.h; name = PNAlbumContentViewController.h; path = controllers/PNAlbumContentViewController.h; sourceTree = "<group>"; };
		9E5AA89A18F3F03100234982 /* PNAlbumContentViewController.m */ = {isa = PBXFileReference; fileEncoding = 4; lastKnownFileType = sourcecode.c.objc; name = PNAlbumContentViewController.m; path = controllers/PNAlbumContentViewController.m; sourceTree = "<group>"; };
		9E5AA89B18F3F03100234982 /* PNAlbumsListViewController.h */ = {isa = PBXFileReference; fileEncoding = 4; lastKnownFileType = sourcecode.c.h; name = PNAlbumsListViewController.h; path = controllers/PNAlbumsListViewController.h; sourceTree = "<group>"; };
		9E5AA89C18F3F03100234982 /* PNAlbumsListViewController.m */ = {isa = PBXFileReference; fileEncoding = 4; lastKnownFileType = sourcecode.c.objc; name = PNAlbumsListViewController.m; path = controllers/PNAlbumsListViewController.m; sourceTree = "<group>"; };
		9E5AA8A218F3F28C00234982 /* PNConstants.h */ = {isa = PBXFileReference; fileEncoding = 4; lastKnownFileType = sourcecode.c.h; name = PNConstants.h; path = utils/PNConstants.h; sourceTree = "<group>"; };
		9E5AA8A318F3F28C00234982 /* PNConstants.m */ = {isa = PBXFileReference; fileEncoding = 4; lastKnownFileType = sourcecode.c.objc; name = PNConstants.m; path = utils/PNConstants.m; sourceTree = "<group>"; };
		9E5AA8A518F4328700234982 /* PNImageViewController.h */ = {isa = PBXFileReference; fileEncoding = 4; lastKnownFileType = sourcecode.c.h; name = PNImageViewController.h; path = controllers/PNImageViewController.h; sourceTree = "<group>"; };
		9E5AA8A618F4328700234982 /* PNImageViewController.m */ = {isa = PBXFileReference; fileEncoding = 4; lastKnownFileType = sourcecode.c.objc; name = PNImageViewController.m; path = controllers/PNImageViewController.m; sourceTree = "<group>"; };
		9E5AA8AA18F5320D00234982 /* PNAlbumService.h */ = {isa = PBXFileReference; fileEncoding = 4; lastKnownFileType = sourcecode.c.h; name = PNAlbumService.h; path = services/PNAlbumService.h; sourceTree = "<group>"; };
		9E5AA8AB18F5320D00234982 /* PNAlbumService.m */ = {isa = PBXFileReference; fileEncoding = 4; lastKnownFileType = sourcecode.c.objc; name = PNAlbumService.m; path = services/PNAlbumService.m; sourceTree = "<group>"; };
/* End PBXFileReference section */

/* Begin PBXFrameworksBuildPhase section */
		9E5AA85818F3EB6C00234982 /* Frameworks */ = {
			isa = PBXFrameworksBuildPhase;
			buildActionMask = 2147483647;
			files = (
				9E5AA86118F3EB6D00234982 /* CoreGraphics.framework in Frameworks */,
				9E5AA86318F3EB6D00234982 /* UIKit.framework in Frameworks */,
				9E5AA85F18F3EB6D00234982 /* Foundation.framework in Frameworks */,
			);
			runOnlyForDeploymentPostprocessing = 0;
		};
		9E5AA87F18F3EB6D00234982 /* Frameworks */ = {
			isa = PBXFrameworksBuildPhase;
			buildActionMask = 2147483647;
			files = (
				9E5AA88418F3EB6D00234982 /* XCTest.framework in Frameworks */,
				9E5AA88618F3EB6D00234982 /* UIKit.framework in Frameworks */,
				9E5AA88518F3EB6D00234982 /* Foundation.framework in Frameworks */,
			);
			runOnlyForDeploymentPostprocessing = 0;
		};
/* End PBXFrameworksBuildPhase section */

/* Begin PBXGroup section */
		9E5AA85218F3EB6C00234982 = {
			isa = PBXGroup;
			children = (
				9E5AA86418F3EB6D00234982 /* Pani */,
				9E5AA88918F3EB6D00234982 /* PaniTests */,
				9E5AA85D18F3EB6C00234982 /* Frameworks */,
				9E5AA85C18F3EB6C00234982 /* Products */,
			);
			sourceTree = "<group>";
		};
		9E5AA85C18F3EB6C00234982 /* Products */ = {
			isa = PBXGroup;
			children = (
				9E5AA85B18F3EB6C00234982 /* Pani.app */,
				9E5AA88218F3EB6D00234982 /* PaniTests.xctest */,
			);
			name = Products;
			sourceTree = "<group>";
		};
		9E5AA85D18F3EB6C00234982 /* Frameworks */ = {
			isa = PBXGroup;
			children = (
				9E5AA85E18F3EB6D00234982 /* Foundation.framework */,
				9E5AA86018F3EB6D00234982 /* CoreGraphics.framework */,
				9E5AA86218F3EB6D00234982 /* UIKit.framework */,
				9E5AA88318F3EB6D00234982 /* XCTest.framework */,
			);
			name = Frameworks;
			sourceTree = "<group>";
		};
		9E5AA86418F3EB6D00234982 /* Pani */ = {
			isa = PBXGroup;
			children = (
				9E5AA8A918F531DE00234982 /* services */,
				9E5AA89F18F3F03600234982 /* controllers */,
				9E5AA8A018F3F04B00234982 /* utils */,
				9E5AA8A818F44A6F00234982 /* models */,
				9E5AA86D18F3EB6D00234982 /* PNAppDelegate.h */,
				9E5AA86E18F3EB6D00234982 /* PNAppDelegate.m */,
				9E5AA87018F3EB6D00234982 /* Main_iPhone.storyboard */,
				9E5AA87318F3EB6D00234982 /* Main_iPad.storyboard */,
				9E5AA87C18F3EB6D00234982 /* Images.xcassets */,
				9E5AA86518F3EB6D00234982 /* Supporting Files */,
			);
			path = Pani;
			sourceTree = "<group>";
		};
		9E5AA86518F3EB6D00234982 /* Supporting Files */ = {
			isa = PBXGroup;
			children = (
				9E5AA86618F3EB6D00234982 /* Pani-Info.plist */,
				9E5AA86718F3EB6D00234982 /* InfoPlist.strings */,
				9E5AA86A18F3EB6D00234982 /* main.m */,
				9E5AA86C18F3EB6D00234982 /* Pani-Prefix.pch */,
			);
			name = "Supporting Files";
			sourceTree = "<group>";
		};
		9E5AA88918F3EB6D00234982 /* PaniTests */ = {
			isa = PBXGroup;
			children = (
				9E5AA88F18F3EB6D00234982 /* PaniTests.m */,
				9E5AA88A18F3EB6D00234982 /* Supporting Files */,
			);
			path = PaniTests;
			sourceTree = "<group>";
		};
		9E5AA88A18F3EB6D00234982 /* Supporting Files */ = {
			isa = PBXGroup;
			children = (
				9E5AA88B18F3EB6D00234982 /* PaniTests-Info.plist */,
				9E5AA88C18F3EB6D00234982 /* InfoPlist.strings */,
			);
			name = "Supporting Files";
			sourceTree = "<group>";
		};
		9E5AA89F18F3F03600234982 /* controllers */ = {
			isa = PBXGroup;
			children = (
				9E5AA89B18F3F03100234982 /* PNAlbumsListViewController.h */,
				9E5AA89C18F3F03100234982 /* PNAlbumsListViewController.m */,
				9E5AA89918F3F03100234982 /* PNAlbumContentViewController.h */,
				9E5AA89A18F3F03100234982 /* PNAlbumContentViewController.m */,
				9E5AA8A518F4328700234982 /* PNImageViewController.h */,
				9E5AA8A618F4328700234982 /* PNImageViewController.m */,
			);
			name = controllers;
			sourceTree = "<group>";
		};
		9E5AA8A018F3F04B00234982 /* utils */ = {
			isa = PBXGroup;
			children = (
				9E5AA8A218F3F28C00234982 /* PNConstants.h */,
				9E5AA8A318F3F28C00234982 /* PNConstants.m */,
			);
			name = utils;
			sourceTree = "<group>";
		};
		9E5AA8A818F44A6F00234982 /* models */ = {
			isa = PBXGroup;
			children = (
			);
			name = models;
			sourceTree = "<group>";
		};
		9E5AA8A918F531DE00234982 /* services */ = {
			isa = PBXGroup;
			children = (
				9E5AA8AA18F5320D00234982 /* PNAlbumService.h */,
				9E5AA8AB18F5320D00234982 /* PNAlbumService.m */,
			);
			name = services;
			sourceTree = "<group>";
		};
/* End PBXGroup section */

/* Begin PBXNativeTarget section */
		9E5AA85A18F3EB6C00234982 /* Pani */ = {
			isa = PBXNativeTarget;
			buildConfigurationList = 9E5AA89318F3EB6D00234982 /* Build configuration list for PBXNativeTarget "Pani" */;
			buildPhases = (
				9E5AA85718F3EB6C00234982 /* Sources */,
				9E5AA85818F3EB6C00234982 /* Frameworks */,
				9E5AA85918F3EB6C00234982 /* Resources */,
			);
			buildRules = (
			);
			dependencies = (
			);
			name = Pani;
			productName = Pani;
			productReference = 9E5AA85B18F3EB6C00234982 /* Pani.app */;
			productType = "com.apple.product-type.application";
		};
		9E5AA88118F3EB6D00234982 /* PaniTests */ = {
			isa = PBXNativeTarget;
			buildConfigurationList = 9E5AA89618F3EB6D00234982 /* Build configuration list for PBXNativeTarget "PaniTests" */;
			buildPhases = (
				9E5AA87E18F3EB6D00234982 /* Sources */,
				9E5AA87F18F3EB6D00234982 /* Frameworks */,
				9E5AA88018F3EB6D00234982 /* Resources */,
			);
			buildRules = (
			);
			dependencies = (
				9E5AA88818F3EB6D00234982 /* PBXTargetDependency */,
			);
			name = PaniTests;
			productName = PaniTests;
			productReference = 9E5AA88218F3EB6D00234982 /* PaniTests.xctest */;
			productType = "com.apple.product-type.bundle.unit-test";
		};
/* End PBXNativeTarget section */

/* Begin PBXProject section */
		9E5AA85318F3EB6C00234982 /* Project object */ = {
			isa = PBXProject;
			attributes = {
				CLASSPREFIX = PN;
				LastUpgradeCheck = 0510;
				ORGANIZATIONNAME = "Eric Favre";
				TargetAttributes = {
					9E5AA88118F3EB6D00234982 = {
						TestTargetID = 9E5AA85A18F3EB6C00234982;
					};
				};
			};
			buildConfigurationList = 9E5AA85618F3EB6C00234982 /* Build configuration list for PBXProject "Pani" */;
			compatibilityVersion = "Xcode 3.2";
			developmentRegion = English;
			hasScannedForEncodings = 0;
			knownRegions = (
				en,
				Base,
			);
			mainGroup = 9E5AA85218F3EB6C00234982;
			productRefGroup = 9E5AA85C18F3EB6C00234982 /* Products */;
			projectDirPath = "";
			projectRoot = "";
			targets = (
				9E5AA85A18F3EB6C00234982 /* Pani */,
				9E5AA88118F3EB6D00234982 /* PaniTests */,
			);
		};
/* End PBXProject section */

/* Begin PBXResourcesBuildPhase section */
		9E5AA85918F3EB6C00234982 /* Resources */ = {
			isa = PBXResourcesBuildPhase;
			buildActionMask = 2147483647;
			files = (
				9E5AA87518F3EB6D00234982 /* Main_iPad.storyboard in Resources */,
				9E5AA87D18F3EB6D00234982 /* Images.xcassets in Resources */,
				9E5AA87218F3EB6D00234982 /* Main_iPhone.storyboard in Resources */,
				9E5AA86918F3EB6D00234982 /* InfoPlist.strings in Resources */,
			);
			runOnlyForDeploymentPostprocessing = 0;
		};
		9E5AA88018F3EB6D00234982 /* Resources */ = {
			isa = PBXResourcesBuildPhase;
			buildActionMask = 2147483647;
			files = (
				9E5AA88E18F3EB6D00234982 /* InfoPlist.strings in Resources */,
			);
			runOnlyForDeploymentPostprocessing = 0;
		};
/* End PBXResourcesBuildPhase section */

/* Begin PBXSourcesBuildPhase section */
		9E5AA85718F3EB6C00234982 /* Sources */ = {
			isa = PBXSourcesBuildPhase;
			buildActionMask = 2147483647;
			files = (
				9E5AA8A418F3F28C00234982 /* PNConstants.m in Sources */,
				9E5AA89E18F3F03100234982 /* PNAlbumsListViewController.m in Sources */,
				9E5AA8A718F4328700234982 /* PNImageViewController.m in Sources */,
				9E5AA86F18F3EB6D00234982 /* PNAppDelegate.m in Sources */,
				9E5AA89D18F3F03100234982 /* PNAlbumContentViewController.m in Sources */,
				9E5AA86B18F3EB6D00234982 /* main.m in Sources */,
				9E5AA8AC18F5320D00234982 /* PNAlbumService.m in Sources */,
			);
			runOnlyForDeploymentPostprocessing = 0;
		};
		9E5AA87E18F3EB6D00234982 /* Sources */ = {
			isa = PBXSourcesBuildPhase;
			buildActionMask = 2147483647;
			files = (
				9E5AA89018F3EB6D00234982 /* PaniTests.m in Sources */,
			);
			runOnlyForDeploymentPostprocessing = 0;
		};
/* End PBXSourcesBuildPhase section */

/* Begin PBXTargetDependency section */
		9E5AA88818F3EB6D00234982 /* PBXTargetDependency */ = {
			isa = PBXTargetDependency;
			target = 9E5AA85A18F3EB6C00234982 /* Pani */;
			targetProxy = 9E5AA88718F3EB6D00234982 /* PBXContainerItemProxy */;
		};
/* End PBXTargetDependency section */

/* Begin PBXVariantGroup section */
		9E5AA86718F3EB6D00234982 /* InfoPlist.strings */ = {
			isa = PBXVariantGroup;
			children = (
				9E5AA86818F3EB6D00234982 /* en */,
			);
			name = InfoPlist.strings;
			sourceTree = "<group>";
		};
		9E5AA87018F3EB6D00234982 /* Main_iPhone.storyboard */ = {
			isa = PBXVariantGroup;
			children = (
				9E5AA87118F3EB6D00234982 /* Base */,
			);
			name = Main_iPhone.storyboard;
			sourceTree = "<group>";
		};
		9E5AA87318F3EB6D00234982 /* Main_iPad.storyboard */ = {
			isa = PBXVariantGroup;
			children = (
				9E5AA87418F3EB6D00234982 /* Base */,
			);
			name = Main_iPad.storyboard;
			sourceTree = "<group>";
		};
		9E5AA88C18F3EB6D00234982 /* InfoPlist.strings */ = {
			isa = PBXVariantGroup;
			children = (
				9E5AA88D18F3EB6D00234982 /* en */,
			);
			name = InfoPlist.strings;
			sourceTree = "<group>";
		};
/* End PBXVariantGroup section */

/* Begin XCBuildConfiguration section */
		9E5AA89118F3EB6D00234982 /* Debug */ = {
			isa = XCBuildConfiguration;
			buildSettings = {
				ALWAYS_SEARCH_USER_PATHS = NO;
				CLANG_CXX_LANGUAGE_STANDARD = "gnu++0x";
				CLANG_CXX_LIBRARY = "libc++";
				CLANG_ENABLE_MODULES = YES;
				CLANG_ENABLE_OBJC_ARC = YES;
				CLANG_WARN_BOOL_CONVERSION = YES;
				CLANG_WARN_CONSTANT_CONVERSION = YES;
				CLANG_WARN_DIRECT_OBJC_ISA_USAGE = YES_ERROR;
				CLANG_WARN_EMPTY_BODY = YES;
				CLANG_WARN_ENUM_CONVERSION = YES;
				CLANG_WARN_INT_CONVERSION = YES;
				CLANG_WARN_OBJC_ROOT_CLASS = YES_ERROR;
				CLANG_WARN__DUPLICATE_METHOD_MATCH = YES;
				"CODE_SIGN_IDENTITY[sdk=iphoneos*]" = "iPhone Developer";
				COPY_PHASE_STRIP = NO;
				GCC_C_LANGUAGE_STANDARD = gnu99;
				GCC_DYNAMIC_NO_PIC = NO;
				GCC_OPTIMIZATION_LEVEL = 0;
				GCC_PREPROCESSOR_DEFINITIONS = (
					"DEBUG=1",
					"$(inherited)",
				);
				GCC_SYMBOLS_PRIVATE_EXTERN = NO;
				GCC_WARN_64_TO_32_BIT_CONVERSION = YES;
				GCC_WARN_ABOUT_RETURN_TYPE = YES_ERROR;
				GCC_WARN_UNDECLARED_SELECTOR = YES;
				GCC_WARN_UNINITIALIZED_AUTOS = YES_AGGRESSIVE;
				GCC_WARN_UNUSED_FUNCTION = YES;
				GCC_WARN_UNUSED_VARIABLE = YES;
				IPHONEOS_DEPLOYMENT_TARGET = 7.1;
				ONLY_ACTIVE_ARCH = YES;
				SDKROOT = iphoneos;
				TARGETED_DEVICE_FAMILY = "1,2";
			};
			name = Debug;
		};
		9E5AA89218F3EB6D00234982 /* Release */ = {
			isa = XCBuildConfiguration;
			buildSettings = {
				ALWAYS_SEARCH_USER_PATHS = NO;
				CLANG_CXX_LANGUAGE_STANDARD = "gnu++0x";
				CLANG_CXX_LIBRARY = "libc++";
				CLANG_ENABLE_MODULES = YES;
				CLANG_ENABLE_OBJC_ARC = YES;
				CLANG_WARN_BOOL_CONVERSION = YES;
				CLANG_WARN_CONSTANT_CONVERSION = YES;
				CLANG_WARN_DIRECT_OBJC_ISA_USAGE = YES_ERROR;
				CLANG_WARN_EMPTY_BODY = YES;
				CLANG_WARN_ENUM_CONVERSION = YES;
				CLANG_WARN_INT_CONVERSION = YES;
				CLANG_WARN_OBJC_ROOT_CLASS = YES_ERROR;
				CLANG_WARN__DUPLICATE_METHOD_MATCH = YES;
				"CODE_SIGN_IDENTITY[sdk=iphoneos*]" = "iPhone Distribution";
				COPY_PHASE_STRIP = YES;
				ENABLE_NS_ASSERTIONS = NO;
				GCC_C_LANGUAGE_STANDARD = gnu99;
				GCC_WARN_64_TO_32_BIT_CONVERSION = YES;
				GCC_WARN_ABOUT_RETURN_TYPE = YES_ERROR;
				GCC_WARN_UNDECLARED_SELECTOR = YES;
				GCC_WARN_UNINITIALIZED_AUTOS = YES_AGGRESSIVE;
				GCC_WARN_UNUSED_FUNCTION = YES;
				GCC_WARN_UNUSED_VARIABLE = YES;
				IPHONEOS_DEPLOYMENT_TARGET = 7.1;
				SDKROOT = iphoneos;
				TARGETED_DEVICE_FAMILY = "1,2";
				VALIDATE_PRODUCT = YES;
			};
			name = Release;
		};
		9E5AA89418F3EB6D00234982 /* Debug */ = {
			isa = XCBuildConfiguration;
			buildSettings = {
				ASSETCATALOG_COMPILER_APPICON_NAME = AppIcon;
				ASSETCATALOG_COMPILER_LAUNCHIMAGE_NAME = LaunchImage;
				GCC_PRECOMPILE_PREFIX_HEADER = YES;
				GCC_PREFIX_HEADER = "Pani/Pani-Prefix.pch";
				INFOPLIST_FILE = "Pani/Pani-Info.plist";
				PRODUCT_NAME = "$(TARGET_NAME)";
				TARGETED_DEVICE_FAMILY = 1;
				WRAPPER_EXTENSION = app;
			};
			name = Debug;
		};
		9E5AA89518F3EB6D00234982 /* Release */ = {
			isa = XCBuildConfiguration;
			buildSettings = {
				ASSETCATALOG_COMPILER_APPICON_NAME = AppIcon;
				ASSETCATALOG_COMPILER_LAUNCHIMAGE_NAME = LaunchImage;
				GCC_PRECOMPILE_PREFIX_HEADER = YES;
				GCC_PREFIX_HEADER = "Pani/Pani-Prefix.pch";
				INFOPLIST_FILE = "Pani/Pani-Info.plist";
				PRODUCT_NAME = "$(TARGET_NAME)";
				TARGETED_DEVICE_FAMILY = 1;
				WRAPPER_EXTENSION = app;
			};
			name = Release;
		};
		9E5AA89718F3EB6D00234982 /* Debug */ = {
			isa = XCBuildConfiguration;
			buildSettings = {
				BUNDLE_LOADER = "$(BUILT_PRODUCTS_DIR)/Pani.app/Pani";
				FRAMEWORK_SEARCH_PATHS = (
					"$(SDKROOT)/Developer/Library/Frameworks",
					"$(inherited)",
					"$(DEVELOPER_FRAMEWORKS_DIR)",
				);
				GCC_PRECOMPILE_PREFIX_HEADER = YES;
				GCC_PREFIX_HEADER = "Pani/Pani-Prefix.pch";
				GCC_PREPROCESSOR_DEFINITIONS = (
					"DEBUG=1",
					"$(inherited)",
				);
				INFOPLIST_FILE = "PaniTests/PaniTests-Info.plist";
				PRODUCT_NAME = "$(TARGET_NAME)";
				TEST_HOST = "$(BUNDLE_LOADER)";
				WRAPPER_EXTENSION = xctest;
			};
			name = Debug;
		};
		9E5AA89818F3EB6D00234982 /* Release */ = {
			isa = XCBuildConfiguration;
			buildSettings = {
				BUNDLE_LOADER = "$(BUILT_PRODUCTS_DIR)/Pani.app/Pani";
				FRAMEWORK_SEARCH_PATHS = (
					"$(SDKROOT)/Developer/Library/Frameworks",
					"$(inherited)",
					"$(DEVELOPER_FRAMEWORKS_DIR)",
				);
				GCC_PRECOMPILE_PREFIX_HEADER = YES;
				GCC_PREFIX_HEADER = "Pani/Pani-Prefix.pch";
				INFOPLIST_FILE = "PaniTests/PaniTests-Info.plist";
				PRODUCT_NAME = "$(TARGET_NAME)";
				TEST_HOST = "$(BUNDLE_LOADER)";
				WRAPPER_EXTENSION = xctest;
			};
			name = Release;
		};
/* End XCBuildConfiguration section */

/* Begin XCConfigurationList section */
		9E5AA85618F3EB6C00234982 /* Build configuration list for PBXProject "Pani" */ = {
			isa = XCConfigurationList;
			buildConfigurations = (
				9E5AA89118F3EB6D00234982 /* Debug */,
				9E5AA89218F3EB6D00234982 /* Release */,
			);
			defaultConfigurationIsVisible = 0;
			defaultConfigurationName = Release;
		};
		9E5AA89318F3EB6D00234982 /* Build configuration list for PBXNativeTarget "Pani" */ = {
			isa = XCConfigurationList;
			buildConfigurations = (
				9E5AA89418F3EB6D00234982 /* Debug */,
				9E5AA89518F3EB6D00234982 /* Release */,
			);
			defaultConfigurationIsVisible = 0;
		};
		9E5AA89618F3EB6D00234982 /* Build configuration list for PBXNativeTarget "PaniTests" */ = {
			isa = XCConfigurationList;
			buildConfigurations = (
				9E5AA89718F3EB6D00234982 /* Debug */,
				9E5AA89818F3EB6D00234982 /* Release */,
			);
			defaultConfigurationIsVisible = 0;
		};
/* End XCConfigurationList section */
	};
	rootObject = 9E5AA85318F3EB6C00234982 /* Project object */;
}
